// !$*UTF8*$!
{
	archiveVersion = 1;
	classes = {
	};
	objectVersion = 46;
	objects = {

/* Begin PBXBuildFile section */
		7D1BA1011D4919BC0068032E /* PMCaptureButtom.swift in Sources */ = {isa = PBXBuildFile; fileRef = 7D1BA1001D4919BC0068032E /* PMCaptureButtom.swift */; };
		7D1EA4981D45C269007DE8E1 /* PMPhotoHeaderView.swift in Sources */ = {isa = PBXBuildFile; fileRef = 7D1EA4971D45C269007DE8E1 /* PMPhotoHeaderView.swift */; };
		7D1EA49A1D45C28E007DE8E1 /* PMPickerTitleButton.swift in Sources */ = {isa = PBXBuildFile; fileRef = 7D1EA4991D45C28E007DE8E1 /* PMPickerTitleButton.swift */; };
		7D1EA4A11D45D18A007DE8E1 /* PMImageGroupController.swift in Sources */ = {isa = PBXBuildFile; fileRef = 7D1EA49F1D45D18A007DE8E1 /* PMImageGroupController.swift */; };
		7D1EA4A21D45D18A007DE8E1 /* PMImageGroupController.xib in Resources */ = {isa = PBXBuildFile; fileRef = 7D1EA4A01D45D18A007DE8E1 /* PMImageGroupController.xib */; };
		7D1EA4A51D46186F007DE8E1 /* PMImageGroupCell.swift in Sources */ = {isa = PBXBuildFile; fileRef = 7D1EA4A31D46186F007DE8E1 /* PMImageGroupCell.swift */; };
		7D1EA4A61D46186F007DE8E1 /* PMImageGroupCell.xib in Resources */ = {isa = PBXBuildFile; fileRef = 7D1EA4A41D46186F007DE8E1 /* PMImageGroupCell.xib */; };
		7D1EA4A81D461CCB007DE8E1 /* PMImageGroupModel.swift in Sources */ = {isa = PBXBuildFile; fileRef = 7D1EA4A71D461CCB007DE8E1 /* PMImageGroupModel.swift */; };
		7D21B5541D4B88760059F999 /* PMImageProtocol.swift in Sources */ = {isa = PBXBuildFile; fileRef = 7D21B5531D4B88760059F999 /* PMImageProtocol.swift */; };
		7D5497E71D47450500BEDBF8 /* PMPhotoHeaderItem.swift in Sources */ = {isa = PBXBuildFile; fileRef = 7D5497E61D47450500BEDBF8 /* PMPhotoHeaderItem.swift */; };
		7D5497E91D47481500BEDBF8 /* PMPhotoGridView.swift in Sources */ = {isa = PBXBuildFile; fileRef = 7D5497E81D47481500BEDBF8 /* PMPhotoGridView.swift */; };
		7D56B5E21D449BA1009224A5 /* AppDelegate.swift in Sources */ = {isa = PBXBuildFile; fileRef = 7D56B5E11D449BA1009224A5 /* AppDelegate.swift */; };
		7D56B5E41D449BA1009224A5 /* ViewController.swift in Sources */ = {isa = PBXBuildFile; fileRef = 7D56B5E31D449BA1009224A5 /* ViewController.swift */; };
		7D56B5E71D449BA1009224A5 /* Main.storyboard in Resources */ = {isa = PBXBuildFile; fileRef = 7D56B5E51D449BA1009224A5 /* Main.storyboard */; };
		7D56B5E91D449BA1009224A5 /* Assets.xcassets in Resources */ = {isa = PBXBuildFile; fileRef = 7D56B5E81D449BA1009224A5 /* Assets.xcassets */; };
		7D56B5F71D449BA1009224A5 /* PrismaSimpleImagePickerTests.swift in Sources */ = {isa = PBXBuildFile; fileRef = 7D56B5F61D449BA1009224A5 /* PrismaSimpleImagePickerTests.swift */; };
		7D56B6051D449BFF009224A5 /* PMImagePickerController.swift in Sources */ = {isa = PBXBuildFile; fileRef = 7D56B6031D449BFF009224A5 /* PMImagePickerController.swift */; };
		7D56B6081D44B4D4009224A5 /* PMImageViewController.swift in Sources */ = {isa = PBXBuildFile; fileRef = 7D56B6071D44B4D4009224A5 /* PMImageViewController.swift */; };
		7D56B60A1D44BFC6009224A5 /* PMNavigationController.swift in Sources */ = {isa = PBXBuildFile; fileRef = 7D56B6091D44BFC6009224A5 /* PMNavigationController.swift */; };
		7D56B60D1D44C000009224A5 /* PMRootViewController.swift in Sources */ = {isa = PBXBuildFile; fileRef = 7D56B60B1D44C000009224A5 /* PMRootViewController.swift */; };
		7D56B6111D44C0C7009224A5 /* PNImageCaptureController.swift in Sources */ = {isa = PBXBuildFile; fileRef = 7D56B60F1D44C0C7009224A5 /* PNImageCaptureController.swift */; };
		7D56B6151D44C0DC009224A5 /* PMImageEditController.swift in Sources */ = {isa = PBXBuildFile; fileRef = 7D56B6131D44C0DC009224A5 /* PMImageEditController.swift */; };
		7D56B6191D44C148009224A5 /* PMImageProcessController.swift in Sources */ = {isa = PBXBuildFile; fileRef = 7D56B6171D44C148009224A5 /* PMImageProcessController.swift */; };
		7D56B61C1D44C908009224A5 /* PMImageViewController.xib in Resources */ = {isa = PBXBuildFile; fileRef = 7D56B61B1D44C908009224A5 /* PMImageViewController.xib */; };
		7D56B61F1D44E203009224A5 /* AVFoundation.framework in Frameworks */ = {isa = PBXBuildFile; fileRef = 7D56B61E1D44E203009224A5 /* AVFoundation.framework */; };
		7D56B6211D44E209009224A5 /* AssetsLibrary.framework in Frameworks */ = {isa = PBXBuildFile; fileRef = 7D56B6201D44E209009224A5 /* AssetsLibrary.framework */; };
		7D56B6231D450A42009224A5 /* Photos.framework in Frameworks */ = {isa = PBXBuildFile; fileRef = 7D56B6221D450A42009224A5 /* Photos.framework */; };
		7D605FD31D4AF2210053F93C /* PMImageManger.swift in Sources */ = {isa = PBXBuildFile; fileRef = 7D605FD21D4AF2210053F93C /* PMImageManger.swift */; };
		7D605FDA1D4B21E20053F93C /* LaunchScreen.storyboard in Resources */ = {isa = PBXBuildFile; fileRef = 7D605FD81D4B21E20053F93C /* LaunchScreen.storyboard */; };
		7D605FDC1D4B2A400053F93C /* FMDeviceOrientation.swift in Sources */ = {isa = PBXBuildFile; fileRef = 7D605FDB1D4B2A400053F93C /* FMDeviceOrientation.swift */; };
/* End PBXBuildFile section */

/* Begin PBXContainerItemProxy section */
		7D56B5F31D449BA1009224A5 /* PBXContainerItemProxy */ = {
			isa = PBXContainerItemProxy;
			containerPortal = 7D56B5D61D449BA1009224A5 /* Project object */;
			proxyType = 1;
			remoteGlobalIDString = 7D56B5DD1D449BA1009224A5;
			remoteInfo = PrismaSimpleImagePicker;
		};
/* End PBXContainerItemProxy section */

/* Begin PBXFileReference section */
		7D1BA1001D4919BC0068032E /* PMCaptureButtom.swift */ = {isa = PBXFileReference; fileEncoding = 4; lastKnownFileType = sourcecode.swift; path = PMCaptureButtom.swift; sourceTree = "<group>"; };
		7D1EA4971D45C269007DE8E1 /* PMPhotoHeaderView.swift */ = {isa = PBXFileReference; fileEncoding = 4; lastKnownFileType = sourcecode.swift; path = PMPhotoHeaderView.swift; sourceTree = "<group>"; };
		7D1EA4991D45C28E007DE8E1 /* PMPickerTitleButton.swift */ = {isa = PBXFileReference; fileEncoding = 4; lastKnownFileType = sourcecode.swift; path = PMPickerTitleButton.swift; sourceTree = "<group>"; };
		7D1EA49F1D45D18A007DE8E1 /* PMImageGroupController.swift */ = {isa = PBXFileReference; fileEncoding = 4; lastKnownFileType = sourcecode.swift; path = PMImageGroupController.swift; sourceTree = "<group>"; };
		7D1EA4A01D45D18A007DE8E1 /* PMImageGroupController.xib */ = {isa = PBXFileReference; fileEncoding = 4; lastKnownFileType = file.xib; path = PMImageGroupController.xib; sourceTree = "<group>"; };
		7D1EA4A31D46186F007DE8E1 /* PMImageGroupCell.swift */ = {isa = PBXFileReference; fileEncoding = 4; lastKnownFileType = sourcecode.swift; path = PMImageGroupCell.swift; sourceTree = "<group>"; };
		7D1EA4A41D46186F007DE8E1 /* PMImageGroupCell.xib */ = {isa = PBXFileReference; fileEncoding = 4; lastKnownFileType = file.xib; path = PMImageGroupCell.xib; sourceTree = "<group>"; };
		7D1EA4A71D461CCB007DE8E1 /* PMImageGroupModel.swift */ = {isa = PBXFileReference; fileEncoding = 4; lastKnownFileType = sourcecode.swift; path = PMImageGroupModel.swift; sourceTree = "<group>"; };
		7D21B5531D4B88760059F999 /* PMImageProtocol.swift */ = {isa = PBXFileReference; fileEncoding = 4; lastKnownFileType = sourcecode.swift; path = PMImageProtocol.swift; sourceTree = "<group>"; };
		7D5497E61D47450500BEDBF8 /* PMPhotoHeaderItem.swift */ = {isa = PBXFileReference; fileEncoding = 4; lastKnownFileType = sourcecode.swift; path = PMPhotoHeaderItem.swift; sourceTree = "<group>"; };
		7D5497E81D47481500BEDBF8 /* PMPhotoGridView.swift */ = {isa = PBXFileReference; fileEncoding = 4; lastKnownFileType = sourcecode.swift; path = PMPhotoGridView.swift; sourceTree = "<group>"; };
		7D56B5DE1D449BA1009224A5 /* PrismaSimpleImagePicker.app */ = {isa = PBXFileReference; explicitFileType = wrapper.application; includeInIndex = 0; path = PrismaSimpleImagePicker.app; sourceTree = BUILT_PRODUCTS_DIR; };
		7D56B5E11D449BA1009224A5 /* AppDelegate.swift */ = {isa = PBXFileReference; lastKnownFileType = sourcecode.swift; path = AppDelegate.swift; sourceTree = "<group>"; };
		7D56B5E31D449BA1009224A5 /* ViewController.swift */ = {isa = PBXFileReference; lastKnownFileType = sourcecode.swift; path = ViewController.swift; sourceTree = "<group>"; };
		7D56B5E61D449BA1009224A5 /* Base */ = {isa = PBXFileReference; lastKnownFileType = file.storyboard; name = Base; path = Base.lproj/Main.storyboard; sourceTree = "<group>"; };
		7D56B5E81D449BA1009224A5 /* Assets.xcassets */ = {isa = PBXFileReference; lastKnownFileType = folder.assetcatalog; path = Assets.xcassets; sourceTree = "<group>"; };
		7D56B5ED1D449BA1009224A5 /* Info.plist */ = {isa = PBXFileReference; lastKnownFileType = text.plist.xml; path = Info.plist; sourceTree = "<group>"; };
		7D56B5F21D449BA1009224A5 /* PrismaSimpleImagePickerTests.xctest */ = {isa = PBXFileReference; explicitFileType = wrapper.cfbundle; includeInIndex = 0; path = PrismaSimpleImagePickerTests.xctest; sourceTree = BUILT_PRODUCTS_DIR; };
		7D56B5F61D449BA1009224A5 /* PrismaSimpleImagePickerTests.swift */ = {isa = PBXFileReference; lastKnownFileType = sourcecode.swift; path = PrismaSimpleImagePickerTests.swift; sourceTree = "<group>"; };
		7D56B5F81D449BA1009224A5 /* Info.plist */ = {isa = PBXFileReference; lastKnownFileType = text.plist.xml; path = Info.plist; sourceTree = "<group>"; };
		7D56B6031D449BFF009224A5 /* PMImagePickerController.swift */ = {isa = PBXFileReference; fileEncoding = 4; lastKnownFileType = sourcecode.swift; path = PMImagePickerController.swift; sourceTree = "<group>"; };
		7D56B6071D44B4D4009224A5 /* PMImageViewController.swift */ = {isa = PBXFileReference; fileEncoding = 4; lastKnownFileType = sourcecode.swift; path = PMImageViewController.swift; sourceTree = "<group>"; };
		7D56B6091D44BFC6009224A5 /* PMNavigationController.swift */ = {isa = PBXFileReference; fileEncoding = 4; lastKnownFileType = sourcecode.swift; path = PMNavigationController.swift; sourceTree = "<group>"; };
		7D56B60B1D44C000009224A5 /* PMRootViewController.swift */ = {isa = PBXFileReference; fileEncoding = 4; lastKnownFileType = sourcecode.swift; path = PMRootViewController.swift; sourceTree = "<group>"; };
		7D56B60F1D44C0C7009224A5 /* PNImageCaptureController.swift */ = {isa = PBXFileReference; fileEncoding = 4; lastKnownFileType = sourcecode.swift; path = PNImageCaptureController.swift; sourceTree = "<group>"; };
		7D56B6131D44C0DC009224A5 /* PMImageEditController.swift */ = {isa = PBXFileReference; fileEncoding = 4; lastKnownFileType = sourcecode.swift; path = PMImageEditController.swift; sourceTree = "<group>"; };
		7D56B6171D44C148009224A5 /* PMImageProcessController.swift */ = {isa = PBXFileReference; fileEncoding = 4; lastKnownFileType = sourcecode.swift; path = PMImageProcessController.swift; sourceTree = "<group>"; };
		7D56B61B1D44C908009224A5 /* PMImageViewController.xib */ = {isa = PBXFileReference; fileEncoding = 4; lastKnownFileType = file.xib; path = PMImageViewController.xib; sourceTree = "<group>"; };
		7D56B61E1D44E203009224A5 /* AVFoundation.framework */ = {isa = PBXFileReference; lastKnownFileType = wrapper.framework; name = AVFoundation.framework; path = System/Library/Frameworks/AVFoundation.framework; sourceTree = SDKROOT; };
		7D56B6201D44E209009224A5 /* AssetsLibrary.framework */ = {isa = PBXFileReference; lastKnownFileType = wrapper.framework; name = AssetsLibrary.framework; path = System/Library/Frameworks/AssetsLibrary.framework; sourceTree = SDKROOT; };
		7D56B6221D450A42009224A5 /* Photos.framework */ = {isa = PBXFileReference; lastKnownFileType = wrapper.framework; name = Photos.framework; path = System/Library/Frameworks/Photos.framework; sourceTree = SDKROOT; };
		7D605FD21D4AF2210053F93C /* PMImageManger.swift */ = {isa = PBXFileReference; fileEncoding = 4; lastKnownFileType = sourcecode.swift; path = PMImageManger.swift; sourceTree = "<group>"; };
		7D605FD91D4B21E20053F93C /* Base */ = {isa = PBXFileReference; lastKnownFileType = file.storyboard; name = Base; path = Base.lproj/LaunchScreen.storyboard; sourceTree = "<group>"; };
		7D605FDB1D4B2A400053F93C /* FMDeviceOrientation.swift */ = {isa = PBXFileReference; fileEncoding = 4; lastKnownFileType = sourcecode.swift; path = FMDeviceOrientation.swift; sourceTree = "<group>"; };
/* End PBXFileReference section */

/* Begin PBXFrameworksBuildPhase section */
		7D56B5DB1D449BA1009224A5 /* Frameworks */ = {
			isa = PBXFrameworksBuildPhase;
			buildActionMask = 2147483647;
			files = (
				7D56B6231D450A42009224A5 /* Photos.framework in Frameworks */,
				7D56B6211D44E209009224A5 /* AssetsLibrary.framework in Frameworks */,
				7D56B61F1D44E203009224A5 /* AVFoundation.framework in Frameworks */,
			);
			runOnlyForDeploymentPostprocessing = 0;
		};
		7D56B5EF1D449BA1009224A5 /* Frameworks */ = {
			isa = PBXFrameworksBuildPhase;
			buildActionMask = 2147483647;
			files = (
			);
			runOnlyForDeploymentPostprocessing = 0;
		};
/* End PBXFrameworksBuildPhase section */

/* Begin PBXGroup section */
		7D1EA4961D45C1F4007DE8E1 /* PrismaViews */ = {
			isa = PBXGroup;
			children = (
				7D1EA4971D45C269007DE8E1 /* PMPhotoHeaderView.swift */,
				7D5497E61D47450500BEDBF8 /* PMPhotoHeaderItem.swift */,
				7D5497E81D47481500BEDBF8 /* PMPhotoGridView.swift */,
				7D1BA1001D4919BC0068032E /* PMCaptureButtom.swift */,
			);
			path = PrismaViews;
			sourceTree = "<group>";
		};
		7D56B5D51D449BA1009224A5 = {
			isa = PBXGroup;
			children = (
				7D56B5E01D449BA1009224A5 /* PrismaSimpleImagePicker */,
				7D56B5F51D449BA1009224A5 /* PrismaSimpleImagePickerTests */,
				7D56B5DF1D449BA1009224A5 /* Products */,
				7D56B61D1D44E1E5009224A5 /* Frameworks */,
			);
			sourceTree = "<group>";
		};
		7D56B5DF1D449BA1009224A5 /* Products */ = {
			isa = PBXGroup;
			children = (
				7D56B5DE1D449BA1009224A5 /* PrismaSimpleImagePicker.app */,
				7D56B5F21D449BA1009224A5 /* PrismaSimpleImagePickerTests.xctest */,
			);
			name = Products;
			sourceTree = "<group>";
		};
		7D56B5E01D449BA1009224A5 /* PrismaSimpleImagePicker */ = {
			isa = PBXGroup;
			children = (
				7D56B6011D449BDD009224A5 /* PrismaImagePicker */,
				7D56B6021D449BDD009224A5 /* PrismaPhotoCapture */,
				7D1EA4961D45C1F4007DE8E1 /* PrismaViews */,
				7D56B5E11D449BA1009224A5 /* AppDelegate.swift */,
				7D56B5E31D449BA1009224A5 /* ViewController.swift */,
				7D56B5E51D449BA1009224A5 /* Main.storyboard */,
				7D56B5E81D449BA1009224A5 /* Assets.xcassets */,
				7D605FD81D4B21E20053F93C /* LaunchScreen.storyboard */,
				7D56B5ED1D449BA1009224A5 /* Info.plist */,
			);
			path = PrismaSimpleImagePicker;
			sourceTree = "<group>";
		};
		7D56B5F51D449BA1009224A5 /* PrismaSimpleImagePickerTests */ = {
			isa = PBXGroup;
			children = (
				7D56B5F61D449BA1009224A5 /* PrismaSimpleImagePickerTests.swift */,
				7D56B5F81D449BA1009224A5 /* Info.plist */,
			);
			path = PrismaSimpleImagePickerTests;
			sourceTree = "<group>";
		};
		7D56B6011D449BDD009224A5 /* PrismaImagePicker */ = {
			isa = PBXGroup;
			children = (
				7D56B6091D44BFC6009224A5 /* PMNavigationController.swift */,
				7D56B60B1D44C000009224A5 /* PMRootViewController.swift */,
				7D56B60F1D44C0C7009224A5 /* PNImageCaptureController.swift */,
				7D56B6131D44C0DC009224A5 /* PMImageEditController.swift */,
				7D56B6171D44C148009224A5 /* PMImageProcessController.swift */,
				7D21B5531D4B88760059F999 /* PMImageProtocol.swift */,
			);
			path = PrismaImagePicker;
			sourceTree = "<group>";
		};
		7D56B6021D449BDD009224A5 /* PrismaPhotoCapture */ = {
			isa = PBXGroup;
			children = (
				7D56B6031D449BFF009224A5 /* PMImagePickerController.swift */,
				7D56B6071D44B4D4009224A5 /* PMImageViewController.swift */,
				7D56B61B1D44C908009224A5 /* PMImageViewController.xib */,
				7D1EA49F1D45D18A007DE8E1 /* PMImageGroupController.swift */,
				7D1EA4A01D45D18A007DE8E1 /* PMImageGroupController.xib */,
				7D1EA4A31D46186F007DE8E1 /* PMImageGroupCell.swift */,
				7D1EA4A41D46186F007DE8E1 /* PMImageGroupCell.xib */,
				7D1EA4991D45C28E007DE8E1 /* PMPickerTitleButton.swift */,
				7D1EA4A71D461CCB007DE8E1 /* PMImageGroupModel.swift */,
				7D605FD21D4AF2210053F93C /* PMImageManger.swift */,
				7D605FDB1D4B2A400053F93C /* FMDeviceOrientation.swift */,
			);
			path = PrismaPhotoCapture;
			sourceTree = "<group>";
		};
		7D56B61D1D44E1E5009224A5 /* Frameworks */ = {
			isa = PBXGroup;
			children = (
				7D56B6221D450A42009224A5 /* Photos.framework */,
				7D56B6201D44E209009224A5 /* AssetsLibrary.framework */,
				7D56B61E1D44E203009224A5 /* AVFoundation.framework */,
			);
			name = Frameworks;
			sourceTree = "<group>";
		};
/* End PBXGroup section */

/* Begin PBXNativeTarget section */
		7D56B5DD1D449BA1009224A5 /* PrismaSimpleImagePicker */ = {
			isa = PBXNativeTarget;
			buildConfigurationList = 7D56B5FB1D449BA1009224A5 /* Build configuration list for PBXNativeTarget "PrismaSimpleImagePicker" */;
			buildPhases = (
				7D56B5DA1D449BA1009224A5 /* Sources */,
				7D56B5DB1D449BA1009224A5 /* Frameworks */,
				7D56B5DC1D449BA1009224A5 /* Resources */,
			);
			buildRules = (
			);
			dependencies = (
			);
			name = PrismaSimpleImagePicker;
			productName = PrismaSimpleImagePicker;
			productReference = 7D56B5DE1D449BA1009224A5 /* PrismaSimpleImagePicker.app */;
			productType = "com.apple.product-type.application";
		};
		7D56B5F11D449BA1009224A5 /* PrismaSimpleImagePickerTests */ = {
			isa = PBXNativeTarget;
			buildConfigurationList = 7D56B5FE1D449BA1009224A5 /* Build configuration list for PBXNativeTarget "PrismaSimpleImagePickerTests" */;
			buildPhases = (
				7D56B5EE1D449BA1009224A5 /* Sources */,
				7D56B5EF1D449BA1009224A5 /* Frameworks */,
				7D56B5F01D449BA1009224A5 /* Resources */,
			);
			buildRules = (
			);
			dependencies = (
				7D56B5F41D449BA1009224A5 /* PBXTargetDependency */,
			);
			name = PrismaSimpleImagePickerTests;
			productName = PrismaSimpleImagePickerTests;
			productReference = 7D56B5F21D449BA1009224A5 /* PrismaSimpleImagePickerTests.xctest */;
			productType = "com.apple.product-type.bundle.unit-test";
		};
/* End PBXNativeTarget section */

/* Begin PBXProject section */
		7D56B5D61D449BA1009224A5 /* Project object */ = {
			isa = PBXProject;
			attributes = {
				LastSwiftUpdateCheck = 0730;
				LastUpgradeCheck = 0730;
				ORGANIZATIONNAME = "Roy lee";
				TargetAttributes = {
					7D56B5DD1D449BA1009224A5 = {
						CreatedOnToolsVersion = 7.3.1;
					};
					7D56B5F11D449BA1009224A5 = {
						CreatedOnToolsVersion = 7.3.1;
						TestTargetID = 7D56B5DD1D449BA1009224A5;
					};
				};
			};
			buildConfigurationList = 7D56B5D91D449BA1009224A5 /* Build configuration list for PBXProject "PrismaSimpleImagePicker" */;
			compatibilityVersion = "Xcode 3.2";
			developmentRegion = English;
			hasScannedForEncodings = 0;
			knownRegions = (
				en,
				Base,
			);
			mainGroup = 7D56B5D51D449BA1009224A5;
			productRefGroup = 7D56B5DF1D449BA1009224A5 /* Products */;
			projectDirPath = "";
			projectRoot = "";
			targets = (
				7D56B5DD1D449BA1009224A5 /* PrismaSimpleImagePicker */,
				7D56B5F11D449BA1009224A5 /* PrismaSimpleImagePickerTests */,
			);
		};
/* End PBXProject section */

/* Begin PBXResourcesBuildPhase section */
		7D56B5DC1D449BA1009224A5 /* Resources */ = {
			isa = PBXResourcesBuildPhase;
			buildActionMask = 2147483647;
			files = (
				7D1EA4A61D46186F007DE8E1 /* PMImageGroupCell.xib in Resources */,
				7D56B61C1D44C908009224A5 /* PMImageViewController.xib in Resources */,
				7D56B5E91D449BA1009224A5 /* Assets.xcassets in Resources */,
				7D605FDA1D4B21E20053F93C /* LaunchScreen.storyboard in Resources */,
				7D1EA4A21D45D18A007DE8E1 /* PMImageGroupController.xib in Resources */,
				7D56B5E71D449BA1009224A5 /* Main.storyboard in Resources */,
			);
			runOnlyForDeploymentPostprocessing = 0;
		};
		7D56B5F01D449BA1009224A5 /* Resources */ = {
			isa = PBXResourcesBuildPhase;
			buildActionMask = 2147483647;
			files = (
			);
			runOnlyForDeploymentPostprocessing = 0;
		};
/* End PBXResourcesBuildPhase section */

/* Begin PBXSourcesBuildPhase section */
		7D56B5DA1D449BA1009224A5 /* Sources */ = {
			isa = PBXSourcesBuildPhase;
			buildActionMask = 2147483647;
			files = (
				7D1EA4A81D461CCB007DE8E1 /* PMImageGroupModel.swift in Sources */,
				7D605FDC1D4B2A400053F93C /* FMDeviceOrientation.swift in Sources */,
				7D21B5541D4B88760059F999 /* PMImageProtocol.swift in Sources */,
				7D56B6151D44C0DC009224A5 /* PMImageEditController.swift in Sources */,
				7D605FD31D4AF2210053F93C /* PMImageManger.swift in Sources */,
				7D56B6051D449BFF009224A5 /* PMImagePickerController.swift in Sources */,
				7D56B60D1D44C000009224A5 /* PMRootViewController.swift in Sources */,
				7D1BA1011D4919BC0068032E /* PMCaptureButtom.swift in Sources */,
				7D56B60A1D44BFC6009224A5 /* PMNavigationController.swift in Sources */,
				7D56B6111D44C0C7009224A5 /* PNImageCaptureController.swift in Sources */,
				7D56B6081D44B4D4009224A5 /* PMImageViewController.swift in Sources */,
				7D56B5E41D449BA1009224A5 /* ViewController.swift in Sources */,
				7D1EA4A51D46186F007DE8E1 /* PMImageGroupCell.swift in Sources */,
				7D56B6191D44C148009224A5 /* PMImageProcessController.swift in Sources */,
				7D56B5E21D449BA1009224A5 /* AppDelegate.swift in Sources */,
				7D5497E71D47450500BEDBF8 /* PMPhotoHeaderItem.swift in Sources */,
				7D5497E91D47481500BEDBF8 /* PMPhotoGridView.swift in Sources */,
				7D1EA49A1D45C28E007DE8E1 /* PMPickerTitleButton.swift in Sources */,
				7D1EA4A11D45D18A007DE8E1 /* PMImageGroupController.swift in Sources */,
				7D1EA4981D45C269007DE8E1 /* PMPhotoHeaderView.swift in Sources */,
			);
			runOnlyForDeploymentPostprocessing = 0;
		};
		7D56B5EE1D449BA1009224A5 /* Sources */ = {
			isa = PBXSourcesBuildPhase;
			buildActionMask = 2147483647;
			files = (
				7D56B5F71D449BA1009224A5 /* PrismaSimpleImagePickerTests.swift in Sources */,
			);
			runOnlyForDeploymentPostprocessing = 0;
		};
/* End PBXSourcesBuildPhase section */

/* Begin PBXTargetDependency section */
		7D56B5F41D449BA1009224A5 /* PBXTargetDependency */ = {
			isa = PBXTargetDependency;
			target = 7D56B5DD1D449BA1009224A5 /* PrismaSimpleImagePicker */;
			targetProxy = 7D56B5F31D449BA1009224A5 /* PBXContainerItemProxy */;
		};
/* End PBXTargetDependency section */

/* Begin PBXVariantGroup section */
		7D56B5E51D449BA1009224A5 /* Main.storyboard */ = {
			isa = PBXVariantGroup;
			children = (
				7D56B5E61D449BA1009224A5 /* Base */,
			);
			name = Main.storyboard;
			sourceTree = "<group>";
		};
		7D605FD81D4B21E20053F93C /* LaunchScreen.storyboard */ = {
			isa = PBXVariantGroup;
			children = (
				7D605FD91D4B21E20053F93C /* Base */,
			);
			name = LaunchScreen.storyboard;
			sourceTree = "<group>";
		};
/* End PBXVariantGroup section */

/* Begin XCBuildConfiguration section */
		7D56B5F91D449BA1009224A5 /* Debug */ = {
			isa = XCBuildConfiguration;
			buildSettings = {
				ALWAYS_SEARCH_USER_PATHS = NO;
				CLANG_ANALYZER_NONNULL = YES;
				CLANG_CXX_LANGUAGE_STANDARD = "gnu++0x";
				CLANG_CXX_LIBRARY = "libc++";
				CLANG_ENABLE_MODULES = YES;
				CLANG_ENABLE_OBJC_ARC = YES;
				CLANG_WARN_BOOL_CONVERSION = YES;
				CLANG_WARN_CONSTANT_CONVERSION = YES;
				CLANG_WARN_DIRECT_OBJC_ISA_USAGE = YES_ERROR;
				CLANG_WARN_EMPTY_BODY = YES;
				CLANG_WARN_ENUM_CONVERSION = YES;
				CLANG_WARN_INT_CONVERSION = YES;
				CLANG_WARN_OBJC_ROOT_CLASS = YES_ERROR;
				CLANG_WARN_UNREACHABLE_CODE = YES;
				CLANG_WARN__DUPLICATE_METHOD_MATCH = YES;
				"CODE_SIGN_IDENTITY[sdk=iphoneos*]" = "iPhone Developer";
				COPY_PHASE_STRIP = NO;
				DEBUG_INFORMATION_FORMAT = dwarf;
				ENABLE_STRICT_OBJC_MSGSEND = YES;
				ENABLE_TESTABILITY = YES;
				GCC_C_LANGUAGE_STANDARD = gnu99;
				GCC_DYNAMIC_NO_PIC = NO;
				GCC_NO_COMMON_BLOCKS = YES;
				GCC_OPTIMIZATION_LEVEL = 0;
				GCC_PREPROCESSOR_DEFINITIONS = (
					"DEBUG=1",
					"$(inherited)",
				);
				GCC_WARN_64_TO_32_BIT_CONVERSION = YES;
				GCC_WARN_ABOUT_RETURN_TYPE = YES_ERROR;
				GCC_WARN_UNDECLARED_SELECTOR = YES;
				GCC_WARN_UNINITIALIZED_AUTOS = YES_AGGRESSIVE;
				GCC_WARN_UNUSED_FUNCTION = YES;
				GCC_WARN_UNUSED_VARIABLE = YES;
				IPHONEOS_DEPLOYMENT_TARGET = 9.3;
				MTL_ENABLE_DEBUG_INFO = YES;
				ONLY_ACTIVE_ARCH = YES;
				SDKROOT = iphoneos;
				SWIFT_OPTIMIZATION_LEVEL = "-Onone";
			};
			name = Debug;
		};
		7D56B5FA1D449BA1009224A5 /* Release */ = {
			isa = XCBuildConfiguration;
			buildSettings = {
				ALWAYS_SEARCH_USER_PATHS = NO;
				CLANG_ANALYZER_NONNULL = YES;
				CLANG_CXX_LANGUAGE_STANDARD = "gnu++0x";
				CLANG_CXX_LIBRARY = "libc++";
				CLANG_ENABLE_MODULES = YES;
				CLANG_ENABLE_OBJC_ARC = YES;
				CLANG_WARN_BOOL_CONVERSION = YES;
				CLANG_WARN_CONSTANT_CONVERSION = YES;
				CLANG_WARN_DIRECT_OBJC_ISA_USAGE = YES_ERROR;
				CLANG_WARN_EMPTY_BODY = YES;
				CLANG_WARN_ENUM_CONVERSION = YES;
				CLANG_WARN_INT_CONVERSION = YES;
				CLANG_WARN_OBJC_ROOT_CLASS = YES_ERROR;
				CLANG_WARN_UNREACHABLE_CODE = YES;
				CLANG_WARN__DUPLICATE_METHOD_MATCH = YES;
				"CODE_SIGN_IDENTITY[sdk=iphoneos*]" = "iPhone Developer";
				COPY_PHASE_STRIP = NO;
				DEBUG_INFORMATION_FORMAT = "dwarf-with-dsym";
				ENABLE_NS_ASSERTIONS = NO;
				ENABLE_STRICT_OBJC_MSGSEND = YES;
				GCC_C_LANGUAGE_STANDARD = gnu99;
				GCC_NO_COMMON_BLOCKS = YES;
				GCC_WARN_64_TO_32_BIT_CONVERSION = YES;
				GCC_WARN_ABOUT_RETURN_TYPE = YES_ERROR;
				GCC_WARN_UNDECLARED_SELECTOR = YES;
				GCC_WARN_UNINITIALIZED_AUTOS = YES_AGGRESSIVE;
				GCC_WARN_UNUSED_FUNCTION = YES;
				GCC_WARN_UNUSED_VARIABLE = YES;
				IPHONEOS_DEPLOYMENT_TARGET = 9.3;
				MTL_ENABLE_DEBUG_INFO = NO;
				SDKROOT = iphoneos;
				VALIDATE_PRODUCT = YES;
			};
			name = Release;
		};
		7D56B5FC1D449BA1009224A5 /* Debug */ = {
			isa = XCBuildConfiguration;
			buildSettings = {
				ASSETCATALOG_COMPILER_APPICON_NAME = AppIcon;
				INFOPLIST_FILE = PrismaSimpleImagePicker/Info.plist;
				IPHONEOS_DEPLOYMENT_TARGET = 8.1;
				LD_RUNPATH_SEARCH_PATHS = "$(inherited) @executable_path/Frameworks";
				PRODUCT_BUNDLE_IDENTIFIER = com.ibireme.huangpin.YYKitDemo;
				PRODUCT_NAME = "$(TARGET_NAME)";
			};
			name = Debug;
		};
		7D56B5FD1D449BA1009224A5 /* Release */ = {
			isa = XCBuildConfiguration;
			buildSettings = {
				ASSETCATALOG_COMPILER_APPICON_NAME = AppIcon;
				INFOPLIST_FILE = PrismaSimpleImagePicker/Info.plist;
				IPHONEOS_DEPLOYMENT_TARGET = 8.1;
				LD_RUNPATH_SEARCH_PATHS = "$(inherited) @executable_path/Frameworks";
				PRODUCT_BUNDLE_IDENTIFIER = com.ibireme.huangpin.YYKitDemo;
				PRODUCT_NAME = "$(TARGET_NAME)";
			};
			name = Release;
		};
		7D56B5FF1D449BA1009224A5 /* Debug */ = {
			isa = XCBuildConfiguration;
			buildSettings = {
				BUNDLE_LOADER = "$(TEST_HOST)";
				INFOPLIST_FILE = PrismaSimpleImagePickerTests/Info.plist;
				LD_RUNPATH_SEARCH_PATHS = "$(inherited) @executable_path/Frameworks @loader_path/Frameworks";
				PRODUCT_BUNDLE_IDENTIFIER = mengliang.PrismaSimpleImagePickerTests;
				PRODUCT_NAME = "$(TARGET_NAME)";
				TEST_HOST = "$(BUILT_PRODUCTS_DIR)/PrismaSimpleImagePicker.app/PrismaSimpleImagePicker";
			};
			name = Debug;
		};
		7D56B6001D449BA1009224A5 /* Release */ = {
			isa = XCBuildConfiguration;
			buildSettings = {
				BUNDLE_LOADER = "$(TEST_HOST)";
				INFOPLIST_FILE = PrismaSimpleImagePickerTests/Info.plist;
				LD_RUNPATH_SEARCH_PATHS = "$(inherited) @executable_path/Frameworks @loader_path/Frameworks";
				PRODUCT_BUNDLE_IDENTIFIER = mengliang.PrismaSimpleImagePickerTests;
				PRODUCT_NAME = "$(TARGET_NAME)";
				TEST_HOST = "$(BUILT_PRODUCTS_DIR)/PrismaSimpleImagePicker.app/PrismaSimpleImagePicker";
			};
			name = Release;
		};
/* End XCBuildConfiguration section */

/* Begin XCConfigurationList section */
		7D56B5D91D449BA1009224A5 /* Build configuration list for PBXProject "PrismaSimpleImagePicker" */ = {
			isa = XCConfigurationList;
			buildConfigurations = (
				7D56B5F91D449BA1009224A5 /* Debug */,
				7D56B5FA1D449BA1009224A5 /* Release */,
			);
			defaultConfigurationIsVisible = 0;
			defaultConfigurationName = Release;
		};
		7D56B5FB1D449BA1009224A5 /* Build configuration list for PBXNativeTarget "PrismaSimpleImagePicker" */ = {
			isa = XCConfigurationList;
			buildConfigurations = (
				7D56B5FC1D449BA1009224A5 /* Debug */,
				7D56B5FD1D449BA1009224A5 /* Release */,
			);
			defaultConfigurationIsVisible = 0;
			defaultConfigurationName = Release;
		};
		7D56B5FE1D449BA1009224A5 /* Build configuration list for PBXNativeTarget "PrismaSimpleImagePickerTests" */ = {
			isa = XCConfigurationList;
			buildConfigurations = (
				7D56B5FF1D449BA1009224A5 /* Debug */,
				7D56B6001D449BA1009224A5 /* Release */,
			);
			defaultConfigurationIsVisible = 0;
			defaultConfigurationName = Release;
		};
/* End XCConfigurationList section */
	};
	rootObject = 7D56B5D61D449BA1009224A5 /* Project object */;
}
