// !$*UTF8*$!
{
	archiveVersion = 1;
	classes = {
	};
	objectVersion = 46;
	objects = {

/* Begin PBXBuildFile section */
		7D0375641D54CFCF00B39B7D /* PMImageDownloader.swift in Sources */ = {isa = PBXBuildFile; fileRef = 7D0375631D54CFCF00B39B7D /* PMImageDownloader.swift */; };
		7D0375661D54CFE400B39B7D /* PMImageCache.swift in Sources */ = {isa = PBXBuildFile; fileRef = 7D0375651D54CFE400B39B7D /* PMImageCache.swift */; };
		7D535D5D1D559FC6002CF823 /* PMImageSession.swift in Sources */ = {isa = PBXBuildFile; fileRef = 7D535D5C1D559FC6002CF823 /* PMImageSession.swift */; };
		7D53D9F01D4F4F6500872658 /* PMImageGroupController.xib in Resources */ = {isa = PBXBuildFile; fileRef = 7D53D9D01D4F4F6500872658 /* PMImageGroupController.xib */; };
		7D53D9F11D4F4F6500872658 /* PMImagePickerController.swift in Sources */ = {isa = PBXBuildFile; fileRef = 7D53D9D11D4F4F6500872658 /* PMImagePickerController.swift */; };
		7D53D9F31D4F4F6500872658 /* PMImageViewController.xib in Resources */ = {isa = PBXBuildFile; fileRef = 7D53D9D31D4F4F6500872658 /* PMImageViewController.xib */; };
		7D53D9F41D4F4F6500872658 /* PMDeviceOrientation.swift in Sources */ = {isa = PBXBuildFile; fileRef = 7D53D9D51D4F4F6500872658 /* PMDeviceOrientation.swift */; };
		7D53D9F51D4F4F6500872658 /* PMImageManger.swift in Sources */ = {isa = PBXBuildFile; fileRef = 7D53D9D61D4F4F6500872658 /* PMImageManger.swift */; };
		7D53D9F71D4F4F6500872658 /* PMImageGroupCell.swift in Sources */ = {isa = PBXBuildFile; fileRef = 7D53D9DA1D4F4F6500872658 /* PMImageGroupCell.swift */; };
		7D53D9F81D4F4F6500872658 /* PMImageGroupCell.xib in Resources */ = {isa = PBXBuildFile; fileRef = 7D53D9DB1D4F4F6500872658 /* PMImageGroupCell.xib */; };
		7D53D9F91D4F4F6500872658 /* PMPhotoGridView.swift in Sources */ = {isa = PBXBuildFile; fileRef = 7D53D9DC1D4F4F6500872658 /* PMPhotoGridView.swift */; };
		7D53D9FA1D4F4F6500872658 /* PMPhotoHeaderItem.swift in Sources */ = {isa = PBXBuildFile; fileRef = 7D53D9DD1D4F4F6500872658 /* PMPhotoHeaderItem.swift */; };
		7D53D9FB1D4F4F6500872658 /* PMPhotoHeaderView.swift in Sources */ = {isa = PBXBuildFile; fileRef = 7D53D9DE1D4F4F6500872658 /* PMPhotoHeaderView.swift */; };
		7D53D9FC1D4F4F6500872658 /* PMPickerTitleButton.swift in Sources */ = {isa = PBXBuildFile; fileRef = 7D53D9DF1D4F4F6500872658 /* PMPickerTitleButton.swift */; };
		7D53D9FD1D4F4F6500872658 /* PMImageEditController.swift in Sources */ = {isa = PBXBuildFile; fileRef = 7D53D9E11D4F4F6500872658 /* PMImageEditController.swift */; };
		7D53D9FF1D4F4F6500872658 /* PMImageProcessController.swift in Sources */ = {isa = PBXBuildFile; fileRef = 7D53D9E31D4F4F6500872658 /* PMImageProcessController.swift */; };
		7D53DA011D4F4F6500872658 /* PMImageProtocol.swift in Sources */ = {isa = PBXBuildFile; fileRef = 7D53D9E51D4F4F6500872658 /* PMImageProtocol.swift */; };
		7D53DA021D4F4F6500872658 /* PMNavigationController.swift in Sources */ = {isa = PBXBuildFile; fileRef = 7D53D9E61D4F4F6500872658 /* PMNavigationController.swift */; };
		7D53DA031D4F4F6500872658 /* PMRootViewController.swift in Sources */ = {isa = PBXBuildFile; fileRef = 7D53D9E71D4F4F6500872658 /* PMRootViewController.swift */; };
		7D53DA051D4F4F6500872658 /* PNImageCaptureController.swift in Sources */ = {isa = PBXBuildFile; fileRef = 7D53D9E91D4F4F6500872658 /* PNImageCaptureController.swift */; };
		7D53DA071D4F4F6500872658 /* PMCaptureButtom.swift in Sources */ = {isa = PBXBuildFile; fileRef = 7D53D9EC1D4F4F6500872658 /* PMCaptureButtom.swift */; };
		7D53DA081D4F4F6500872658 /* PMStyleCell.swift in Sources */ = {isa = PBXBuildFile; fileRef = 7D53D9ED1D4F4F6500872658 /* PMStyleCell.swift */; };
		7D53DA091D4F4F6500872658 /* PMStyleHeaderView.swift in Sources */ = {isa = PBXBuildFile; fileRef = 7D53D9EE1D4F4F6500872658 /* PMStyleHeaderView.swift */; };
		7D53DA0C1D4F507B00872658 /* PMGroupModel.swift in Sources */ = {isa = PBXBuildFile; fileRef = 7D53DA0B1D4F507B00872658 /* PMGroupModel.swift */; };
		7D53DA0E1D4F50FC00872658 /* PMImageGroupController.swift in Sources */ = {isa = PBXBuildFile; fileRef = 7D53DA0D1D4F50FC00872658 /* PMImageGroupController.swift */; };
		7D53DA101D4F511900872658 /* PMImageViewController.swift in Sources */ = {isa = PBXBuildFile; fileRef = 7D53DA0F1D4F511900872658 /* PMImageViewController.swift */; };
		7D56B5E21D449BA1009224A5 /* AppDelegate.swift in Sources */ = {isa = PBXBuildFile; fileRef = 7D56B5E11D449BA1009224A5 /* AppDelegate.swift */; };
		7D56B5E41D449BA1009224A5 /* ViewController.swift in Sources */ = {isa = PBXBuildFile; fileRef = 7D56B5E31D449BA1009224A5 /* ViewController.swift */; };
		7D56B5E71D449BA1009224A5 /* Main.storyboard in Resources */ = {isa = PBXBuildFile; fileRef = 7D56B5E51D449BA1009224A5 /* Main.storyboard */; };
		7D56B5E91D449BA1009224A5 /* Assets.xcassets in Resources */ = {isa = PBXBuildFile; fileRef = 7D56B5E81D449BA1009224A5 /* Assets.xcassets */; };
		7D56B5F71D449BA1009224A5 /* PrismaSimpleImagePickerTests.swift in Sources */ = {isa = PBXBuildFile; fileRef = 7D56B5F61D449BA1009224A5 /* PrismaSimpleImagePickerTests.swift */; };
		7D56B61F1D44E203009224A5 /* AVFoundation.framework in Frameworks */ = {isa = PBXBuildFile; fileRef = 7D56B61E1D44E203009224A5 /* AVFoundation.framework */; };
		7D56B6211D44E209009224A5 /* AssetsLibrary.framework in Frameworks */ = {isa = PBXBuildFile; fileRef = 7D56B6201D44E209009224A5 /* AssetsLibrary.framework */; };
		7D56B6231D450A42009224A5 /* Photos.framework in Frameworks */ = {isa = PBXBuildFile; fileRef = 7D56B6221D450A42009224A5 /* Photos.framework */; };
		7D5915101D50445E00970B34 /* PMImageSettingController.swift in Sources */ = {isa = PBXBuildFile; fileRef = 7D59150E1D50445E00970B34 /* PMImageSettingController.swift */; };
		7D5915111D50445E00970B34 /* PMImageSettingController.xib in Resources */ = {isa = PBXBuildFile; fileRef = 7D59150F1D50445E00970B34 /* PMImageSettingController.xib */; };
		7D605FDA1D4B21E20053F93C /* LaunchScreen.storyboard in Resources */ = {isa = PBXBuildFile; fileRef = 7D605FD81D4B21E20053F93C /* LaunchScreen.storyboard */; };
		7DDFD6601D54998000DC2905 /* styles.json in Resources */ = {isa = PBXBuildFile; fileRef = 7DDFD65F1D54998000DC2905 /* styles.json */; };
/* End PBXBuildFile section */

/* Begin PBXContainerItemProxy section */
		7D56B5F31D449BA1009224A5 /* PBXContainerItemProxy */ = {
			isa = PBXContainerItemProxy;
			containerPortal = 7D56B5D61D449BA1009224A5 /* Project object */;
			proxyType = 1;
			remoteGlobalIDString = 7D56B5DD1D449BA1009224A5;
			remoteInfo = PrismaSimpleImagePicker;
		};
/* End PBXContainerItemProxy section */

/* Begin PBXFileReference section */
		7D0375631D54CFCF00B39B7D /* PMImageDownloader.swift */ = {isa = PBXFileReference; fileEncoding = 4; lastKnownFileType = sourcecode.swift; path = PMImageDownloader.swift; sourceTree = "<group>"; };
		7D0375651D54CFE400B39B7D /* PMImageCache.swift */ = {isa = PBXFileReference; fileEncoding = 4; lastKnownFileType = sourcecode.swift; path = PMImageCache.swift; sourceTree = "<group>"; };
		7D535D5C1D559FC6002CF823 /* PMImageSession.swift */ = {isa = PBXFileReference; fileEncoding = 4; lastKnownFileType = sourcecode.swift; path = PMImageSession.swift; sourceTree = "<group>"; };
		7D53D9D01D4F4F6500872658 /* PMImageGroupController.xib */ = {isa = PBXFileReference; fileEncoding = 4; lastKnownFileType = file.xib; path = PMImageGroupController.xib; sourceTree = "<group>"; };
		7D53D9D11D4F4F6500872658 /* PMImagePickerController.swift */ = {isa = PBXFileReference; fileEncoding = 4; lastKnownFileType = sourcecode.swift; path = PMImagePickerController.swift; sourceTree = "<group>"; };
		7D53D9D31D4F4F6500872658 /* PMImageViewController.xib */ = {isa = PBXFileReference; fileEncoding = 4; lastKnownFileType = file.xib; path = PMImageViewController.xib; sourceTree = "<group>"; };
		7D53D9D51D4F4F6500872658 /* PMDeviceOrientation.swift */ = {isa = PBXFileReference; fileEncoding = 4; lastKnownFileType = sourcecode.swift; path = PMDeviceOrientation.swift; sourceTree = "<group>"; };
		7D53D9D61D4F4F6500872658 /* PMImageManger.swift */ = {isa = PBXFileReference; fileEncoding = 4; lastKnownFileType = sourcecode.swift; path = PMImageManger.swift; sourceTree = "<group>"; };
		7D53D9DA1D4F4F6500872658 /* PMImageGroupCell.swift */ = {isa = PBXFileReference; fileEncoding = 4; lastKnownFileType = sourcecode.swift; path = PMImageGroupCell.swift; sourceTree = "<group>"; };
		7D53D9DB1D4F4F6500872658 /* PMImageGroupCell.xib */ = {isa = PBXFileReference; fileEncoding = 4; lastKnownFileType = file.xib; path = PMImageGroupCell.xib; sourceTree = "<group>"; };
		7D53D9DC1D4F4F6500872658 /* PMPhotoGridView.swift */ = {isa = PBXFileReference; fileEncoding = 4; lastKnownFileType = sourcecode.swift; path = PMPhotoGridView.swift; sourceTree = "<group>"; };
		7D53D9DD1D4F4F6500872658 /* PMPhotoHeaderItem.swift */ = {isa = PBXFileReference; fileEncoding = 4; lastKnownFileType = sourcecode.swift; path = PMPhotoHeaderItem.swift; sourceTree = "<group>"; };
		7D53D9DE1D4F4F6500872658 /* PMPhotoHeaderView.swift */ = {isa = PBXFileReference; fileEncoding = 4; lastKnownFileType = sourcecode.swift; path = PMPhotoHeaderView.swift; sourceTree = "<group>"; };
		7D53D9DF1D4F4F6500872658 /* PMPickerTitleButton.swift */ = {isa = PBXFileReference; fileEncoding = 4; lastKnownFileType = sourcecode.swift; path = PMPickerTitleButton.swift; sourceTree = "<group>"; };
		7D53D9E11D4F4F6500872658 /* PMImageEditController.swift */ = {isa = PBXFileReference; fileEncoding = 4; lastKnownFileType = sourcecode.swift; path = PMImageEditController.swift; sourceTree = "<group>"; };
		7D53D9E31D4F4F6500872658 /* PMImageProcessController.swift */ = {isa = PBXFileReference; fileEncoding = 4; lastKnownFileType = sourcecode.swift; path = PMImageProcessController.swift; sourceTree = "<group>"; };
		7D53D9E51D4F4F6500872658 /* PMImageProtocol.swift */ = {isa = PBXFileReference; fileEncoding = 4; lastKnownFileType = sourcecode.swift; path = PMImageProtocol.swift; sourceTree = "<group>"; };
		7D53D9E61D4F4F6500872658 /* PMNavigationController.swift */ = {isa = PBXFileReference; fileEncoding = 4; lastKnownFileType = sourcecode.swift; path = PMNavigationController.swift; sourceTree = "<group>"; };
		7D53D9E71D4F4F6500872658 /* PMRootViewController.swift */ = {isa = PBXFileReference; fileEncoding = 4; lastKnownFileType = sourcecode.swift; path = PMRootViewController.swift; sourceTree = "<group>"; };
		7D53D9E91D4F4F6500872658 /* PNImageCaptureController.swift */ = {isa = PBXFileReference; fileEncoding = 4; lastKnownFileType = sourcecode.swift; path = PNImageCaptureController.swift; sourceTree = "<group>"; };
		7D53D9EC1D4F4F6500872658 /* PMCaptureButtom.swift */ = {isa = PBXFileReference; fileEncoding = 4; lastKnownFileType = sourcecode.swift; path = PMCaptureButtom.swift; sourceTree = "<group>"; };
		7D53D9ED1D4F4F6500872658 /* PMStyleCell.swift */ = {isa = PBXFileReference; fileEncoding = 4; lastKnownFileType = sourcecode.swift; path = PMStyleCell.swift; sourceTree = "<group>"; };
		7D53D9EE1D4F4F6500872658 /* PMStyleHeaderView.swift */ = {isa = PBXFileReference; fileEncoding = 4; lastKnownFileType = sourcecode.swift; path = PMStyleHeaderView.swift; sourceTree = "<group>"; };
		7D53DA0B1D4F507B00872658 /* PMGroupModel.swift */ = {isa = PBXFileReference; fileEncoding = 4; lastKnownFileType = sourcecode.swift; path = PMGroupModel.swift; sourceTree = "<group>"; };
		7D53DA0D1D4F50FC00872658 /* PMImageGroupController.swift */ = {isa = PBXFileReference; fileEncoding = 4; lastKnownFileType = sourcecode.swift; path = PMImageGroupController.swift; sourceTree = "<group>"; };
		7D53DA0F1D4F511900872658 /* PMImageViewController.swift */ = {isa = PBXFileReference; fileEncoding = 4; lastKnownFileType = sourcecode.swift; path = PMImageViewController.swift; sourceTree = "<group>"; };
		7D56B5DE1D449BA1009224A5 /* PrismaSimpleImagePicker.app */ = {isa = PBXFileReference; explicitFileType = wrapper.application; includeInIndex = 0; path = PrismaSimpleImagePicker.app; sourceTree = BUILT_PRODUCTS_DIR; };
		7D56B5E11D449BA1009224A5 /* AppDelegate.swift */ = {isa = PBXFileReference; lastKnownFileType = sourcecode.swift; path = AppDelegate.swift; sourceTree = "<group>"; };
		7D56B5E31D449BA1009224A5 /* ViewController.swift */ = {isa = PBXFileReference; lastKnownFileType = sourcecode.swift; path = ViewController.swift; sourceTree = "<group>"; };
		7D56B5E61D449BA1009224A5 /* Base */ = {isa = PBXFileReference; lastKnownFileType = file.storyboard; name = Base; path = Base.lproj/Main.storyboard; sourceTree = "<group>"; };
		7D56B5E81D449BA1009224A5 /* Assets.xcassets */ = {isa = PBXFileReference; lastKnownFileType = folder.assetcatalog; path = Assets.xcassets; sourceTree = "<group>"; };
		7D56B5ED1D449BA1009224A5 /* Info.plist */ = {isa = PBXFileReference; lastKnownFileType = text.plist.xml; path = Info.plist; sourceTree = "<group>"; };
		7D56B5F21D449BA1009224A5 /* PrismaSimpleImagePickerTests.xctest */ = {isa = PBXFileReference; explicitFileType = wrapper.cfbundle; includeInIndex = 0; path = PrismaSimpleImagePickerTests.xctest; sourceTree = BUILT_PRODUCTS_DIR; };
		7D56B5F61D449BA1009224A5 /* PrismaSimpleImagePickerTests.swift */ = {isa = PBXFileReference; lastKnownFileType = sourcecode.swift; path = PrismaSimpleImagePickerTests.swift; sourceTree = "<group>"; };
		7D56B5F81D449BA1009224A5 /* Info.plist */ = {isa = PBXFileReference; lastKnownFileType = text.plist.xml; path = Info.plist; sourceTree = "<group>"; };
		7D56B61E1D44E203009224A5 /* AVFoundation.framework */ = {isa = PBXFileReference; lastKnownFileType = wrapper.framework; name = AVFoundation.framework; path = System/Library/Frameworks/AVFoundation.framework; sourceTree = SDKROOT; };
		7D56B6201D44E209009224A5 /* AssetsLibrary.framework */ = {isa = PBXFileReference; lastKnownFileType = wrapper.framework; name = AssetsLibrary.framework; path = System/Library/Frameworks/AssetsLibrary.framework; sourceTree = SDKROOT; };
		7D56B6221D450A42009224A5 /* Photos.framework */ = {isa = PBXFileReference; lastKnownFileType = wrapper.framework; name = Photos.framework; path = System/Library/Frameworks/Photos.framework; sourceTree = SDKROOT; };
		7D59150E1D50445E00970B34 /* PMImageSettingController.swift */ = {isa = PBXFileReference; fileEncoding = 4; lastKnownFileType = sourcecode.swift; path = PMImageSettingController.swift; sourceTree = "<group>"; };
		7D59150F1D50445E00970B34 /* PMImageSettingController.xib */ = {isa = PBXFileReference; fileEncoding = 4; lastKnownFileType = file.xib; path = PMImageSettingController.xib; sourceTree = "<group>"; };
		7D605FD91D4B21E20053F93C /* Base */ = {isa = PBXFileReference; lastKnownFileType = file.storyboard; name = Base; path = Base.lproj/LaunchScreen.storyboard; sourceTree = "<group>"; };
		7DDFD65F1D54998000DC2905 /* styles.json */ = {isa = PBXFileReference; fileEncoding = 4; lastKnownFileType = text.json; path = styles.json; sourceTree = "<group>"; };
/* End PBXFileReference section */

/* Begin PBXFrameworksBuildPhase section */
		7D56B5DB1D449BA1009224A5 /* Frameworks */ = {
			isa = PBXFrameworksBuildPhase;
			buildActionMask = 2147483647;
			files = (
				7D56B6231D450A42009224A5 /* Photos.framework in Frameworks */,
				7D56B6211D44E209009224A5 /* AssetsLibrary.framework in Frameworks */,
				7D56B61F1D44E203009224A5 /* AVFoundation.framework in Frameworks */,
			);
			runOnlyForDeploymentPostprocessing = 0;
		};
		7D56B5EF1D449BA1009224A5 /* Frameworks */ = {
			isa = PBXFrameworksBuildPhase;
			buildActionMask = 2147483647;
			files = (
			);
			runOnlyForDeploymentPostprocessing = 0;
		};
/* End PBXFrameworksBuildPhase section */

/* Begin PBXGroup section */
		7D0375621D54CFB100B39B7D /* PrismaWebImage */ = {
			isa = PBXGroup;
			children = (
				7D0375631D54CFCF00B39B7D /* PMImageDownloader.swift */,
				7D0375651D54CFE400B39B7D /* PMImageCache.swift */,
				7D535D5C1D559FC6002CF823 /* PMImageSession.swift */,
			);
			path = PrismaWebImage;
			sourceTree = "<group>";
		};
		7D53D9CD1D4F4F6500872658 /* PrismaImagePicker */ = {
			isa = PBXGroup;
			children = (
				7D53D9CE1D4F4F6500872658 /* PickerController */,
				7D53D9D91D4F4F6500872658 /* PickerView */,
				7D53D9D71D4F4F6500872658 /* PickerModel */,
				7D53D9D41D4F4F6500872658 /* PickerHelper */,
			);
			path = PrismaImagePicker;
			sourceTree = "<group>";
		};
		7D53D9CE1D4F4F6500872658 /* PickerController */ = {
			isa = PBXGroup;
			children = (
				7D53D9D11D4F4F6500872658 /* PMImagePickerController.swift */,
				7D53DA0F1D4F511900872658 /* PMImageViewController.swift */,
				7D53D9D31D4F4F6500872658 /* PMImageViewController.xib */,
				7D53DA0D1D4F50FC00872658 /* PMImageGroupController.swift */,
				7D53D9D01D4F4F6500872658 /* PMImageGroupController.xib */,
			);
			path = PickerController;
			sourceTree = "<group>";
		};
		7D53D9D41D4F4F6500872658 /* PickerHelper */ = {
			isa = PBXGroup;
			children = (
				7D53D9D51D4F4F6500872658 /* PMDeviceOrientation.swift */,
				7D53D9D61D4F4F6500872658 /* PMImageManger.swift */,
			);
			path = PickerHelper;
			sourceTree = "<group>";
		};
		7D53D9D71D4F4F6500872658 /* PickerModel */ = {
			isa = PBXGroup;
			children = (
				7D53DA0B1D4F507B00872658 /* PMGroupModel.swift */,
			);
			path = PickerModel;
			sourceTree = "<group>";
		};
		7D53D9D91D4F4F6500872658 /* PickerView */ = {
			isa = PBXGroup;
			children = (
				7D53D9DA1D4F4F6500872658 /* PMImageGroupCell.swift */,
				7D53D9DB1D4F4F6500872658 /* PMImageGroupCell.xib */,
				7D53D9DE1D4F4F6500872658 /* PMPhotoHeaderView.swift */,
				7D53D9DD1D4F4F6500872658 /* PMPhotoHeaderItem.swift */,
				7D53D9DC1D4F4F6500872658 /* PMPhotoGridView.swift */,
				7D53D9DF1D4F4F6500872658 /* PMPickerTitleButton.swift */,
			);
			path = PickerView;
			sourceTree = "<group>";
		};
		7D53D9E01D4F4F6500872658 /* PrismaPhotoCapture */ = {
			isa = PBXGroup;
			children = (
				7D53D9E61D4F4F6500872658 /* PMNavigationController.swift */,
				7D53D9E71D4F4F6500872658 /* PMRootViewController.swift */,
				7D53D9E91D4F4F6500872658 /* PNImageCaptureController.swift */,
				7D53D9E11D4F4F6500872658 /* PMImageEditController.swift */,
				7D53D9E31D4F4F6500872658 /* PMImageProcessController.swift */,
				7D59150E1D50445E00970B34 /* PMImageSettingController.swift */,
				7D59150F1D50445E00970B34 /* PMImageSettingController.xib */,
				7D53D9E51D4F4F6500872658 /* PMImageProtocol.swift */,
			);
			path = PrismaPhotoCapture;
			sourceTree = "<group>";
		};
		7D53D9EB1D4F4F6500872658 /* PrismaViews */ = {
			isa = PBXGroup;
			children = (
				7D53D9EC1D4F4F6500872658 /* PMCaptureButtom.swift */,
				7D53D9ED1D4F4F6500872658 /* PMStyleCell.swift */,
				7D53D9EE1D4F4F6500872658 /* PMStyleHeaderView.swift */,
			);
			path = PrismaViews;
			sourceTree = "<group>";
		};
		7D56B5D51D449BA1009224A5 = {
			isa = PBXGroup;
			children = (
				7D56B5E01D449BA1009224A5 /* PrismaSimpleImagePicker */,
				7D56B5F51D449BA1009224A5 /* PrismaSimpleImagePickerTests */,
				7D56B5DF1D449BA1009224A5 /* Products */,
				7D56B61D1D44E1E5009224A5 /* Frameworks */,
			);
			sourceTree = "<group>";
		};
		7D56B5DF1D449BA1009224A5 /* Products */ = {
			isa = PBXGroup;
			children = (
				7D56B5DE1D449BA1009224A5 /* PrismaSimpleImagePicker.app */,
				7D56B5F21D449BA1009224A5 /* PrismaSimpleImagePickerTests.xctest */,
			);
			name = Products;
			sourceTree = "<group>";
		};
		7D56B5E01D449BA1009224A5 /* PrismaSimpleImagePicker */ = {
			isa = PBXGroup;
			children = (
				7D53D9E01D4F4F6500872658 /* PrismaPhotoCapture */,
				7D53D9CD1D4F4F6500872658 /* PrismaImagePicker */,
				7D53D9EB1D4F4F6500872658 /* PrismaViews */,
				7D0375621D54CFB100B39B7D /* PrismaWebImage */,
				7D56B5E11D449BA1009224A5 /* AppDelegate.swift */,
				7D56B5E31D449BA1009224A5 /* ViewController.swift */,
				7D56B5E51D449BA1009224A5 /* Main.storyboard */,
				7D56B5E81D449BA1009224A5 /* Assets.xcassets */,
				7D605FD81D4B21E20053F93C /* LaunchScreen.storyboard */,
				7DDFD65F1D54998000DC2905 /* styles.json */,
				7D56B5ED1D449BA1009224A5 /* Info.plist */,
			);
			path = PrismaSimpleImagePicker;
			sourceTree = "<group>";
		};
		7D56B5F51D449BA1009224A5 /* PrismaSimpleImagePickerTests */ = {
			isa = PBXGroup;
			children = (
				7D56B5F61D449BA1009224A5 /* PrismaSimpleImagePickerTests.swift */,
				7D56B5F81D449BA1009224A5 /* Info.plist */,
			);
			path = PrismaSimpleImagePickerTests;
			sourceTree = "<group>";
		};
		7D56B61D1D44E1E5009224A5 /* Frameworks */ = {
			isa = PBXGroup;
			children = (
				7D56B6221D450A42009224A5 /* Photos.framework */,
				7D56B6201D44E209009224A5 /* AssetsLibrary.framework */,
				7D56B61E1D44E203009224A5 /* AVFoundation.framework */,
			);
			name = Frameworks;
			sourceTree = "<group>";
		};
/* End PBXGroup section */

/* Begin PBXNativeTarget section */
		7D56B5DD1D449BA1009224A5 /* PrismaSimpleImagePicker */ = {
			isa = PBXNativeTarget;
			buildConfigurationList = 7D56B5FB1D449BA1009224A5 /* Build configuration list for PBXNativeTarget "PrismaSimpleImagePicker" */;
			buildPhases = (
				7D56B5DA1D449BA1009224A5 /* Sources */,
				7D56B5DB1D449BA1009224A5 /* Frameworks */,
				7D56B5DC1D449BA1009224A5 /* Resources */,
			);
			buildRules = (
			);
			dependencies = (
			);
			name = PrismaSimpleImagePicker;
			productName = PrismaSimpleImagePicker;
			productReference = 7D56B5DE1D449BA1009224A5 /* PrismaSimpleImagePicker.app */;
			productType = "com.apple.product-type.application";
		};
		7D56B5F11D449BA1009224A5 /* PrismaSimpleImagePickerTests */ = {
			isa = PBXNativeTarget;
			buildConfigurationList = 7D56B5FE1D449BA1009224A5 /* Build configuration list for PBXNativeTarget "PrismaSimpleImagePickerTests" */;
			buildPhases = (
				7D56B5EE1D449BA1009224A5 /* Sources */,
				7D56B5EF1D449BA1009224A5 /* Frameworks */,
				7D56B5F01D449BA1009224A5 /* Resources */,
			);
			buildRules = (
			);
			dependencies = (
				7D56B5F41D449BA1009224A5 /* PBXTargetDependency */,
			);
			name = PrismaSimpleImagePickerTests;
			productName = PrismaSimpleImagePickerTests;
			productReference = 7D56B5F21D449BA1009224A5 /* PrismaSimpleImagePickerTests.xctest */;
			productType = "com.apple.product-type.bundle.unit-test";
		};
/* End PBXNativeTarget section */

/* Begin PBXProject section */
		7D56B5D61D449BA1009224A5 /* Project object */ = {
			isa = PBXProject;
			attributes = {
				LastSwiftUpdateCheck = 0730;
				LastUpgradeCheck = 0730;
				ORGANIZATIONNAME = "Roy lee";
				TargetAttributes = {
					7D56B5DD1D449BA1009224A5 = {
						CreatedOnToolsVersion = 7.3.1;
						DevelopmentTeam = H4JK55MDDZ;
						LastSwiftMigration = 0800;
						ProvisioningStyle = Manual;
					};
					7D56B5F11D449BA1009224A5 = {
						CreatedOnToolsVersion = 7.3.1;
						DevelopmentTeam = H4JK55MDDZ;
						LastSwiftMigration = 0800;
						ProvisioningStyle = Manual;
						TestTargetID = 7D56B5DD1D449BA1009224A5;
					};
				};
			};
			buildConfigurationList = 7D56B5D91D449BA1009224A5 /* Build configuration list for PBXProject "PrismaSimpleImagePicker" */;
			compatibilityVersion = "Xcode 3.2";
			developmentRegion = English;
			hasScannedForEncodings = 0;
			knownRegions = (
				en,
				Base,
			);
			mainGroup = 7D56B5D51D449BA1009224A5;
			productRefGroup = 7D56B5DF1D449BA1009224A5 /* Products */;
			projectDirPath = "";
			projectRoot = "";
			targets = (
				7D56B5DD1D449BA1009224A5 /* PrismaSimpleImagePicker */,
				7D56B5F11D449BA1009224A5 /* PrismaSimpleImagePickerTests */,
			);
		};
/* End PBXProject section */

/* Begin PBXResourcesBuildPhase section */
		7D56B5DC1D449BA1009224A5 /* Resources */ = {
			isa = PBXResourcesBuildPhase;
			buildActionMask = 2147483647;
			files = (
				7D53D9F81D4F4F6500872658 /* PMImageGroupCell.xib in Resources */,
				7D53D9F01D4F4F6500872658 /* PMImageGroupController.xib in Resources */,
				7D53D9F31D4F4F6500872658 /* PMImageViewController.xib in Resources */,
				7D56B5E91D449BA1009224A5 /* Assets.xcassets in Resources */,
				7D605FDA1D4B21E20053F93C /* LaunchScreen.storyboard in Resources */,
				7D56B5E71D449BA1009224A5 /* Main.storyboard in Resources */,
				7D5915111D50445E00970B34 /* PMImageSettingController.xib in Resources */,
				7DDFD6601D54998000DC2905 /* styles.json in Resources */,
			);
			runOnlyForDeploymentPostprocessing = 0;
		};
		7D56B5F01D449BA1009224A5 /* Resources */ = {
			isa = PBXResourcesBuildPhase;
			buildActionMask = 2147483647;
			files = (
			);
			runOnlyForDeploymentPostprocessing = 0;
		};
/* End PBXResourcesBuildPhase section */

/* Begin PBXSourcesBuildPhase section */
		7D56B5DA1D449BA1009224A5 /* Sources */ = {
			isa = PBXSourcesBuildPhase;
			buildActionMask = 2147483647;
			files = (
				7D53D9FD1D4F4F6500872658 /* PMImageEditController.swift in Sources */,
				7D53DA101D4F511900872658 /* PMImageViewController.swift in Sources */,
				7D53DA081D4F4F6500872658 /* PMStyleCell.swift in Sources */,
				7D53DA031D4F4F6500872658 /* PMRootViewController.swift in Sources */,
				7D53DA0C1D4F507B00872658 /* PMGroupModel.swift in Sources */,
				7D53DA011D4F4F6500872658 /* PMImageProtocol.swift in Sources */,
				7D53D9FB1D4F4F6500872658 /* PMPhotoHeaderView.swift in Sources */,
				7D56B5E41D449BA1009224A5 /* ViewController.swift in Sources */,
				7D0375661D54CFE400B39B7D /* PMImageCache.swift in Sources */,
				7D53D9F41D4F4F6500872658 /* PMDeviceOrientation.swift in Sources */,
				7D53D9F71D4F4F6500872658 /* PMImageGroupCell.swift in Sources */,
				7D53DA071D4F4F6500872658 /* PMCaptureButtom.swift in Sources */,
				7D53D9F51D4F4F6500872658 /* PMImageManger.swift in Sources */,
				7D5915101D50445E00970B34 /* PMImageSettingController.swift in Sources */,
				7D53DA091D4F4F6500872658 /* PMStyleHeaderView.swift in Sources */,
				7D53DA051D4F4F6500872658 /* PNImageCaptureController.swift in Sources */,
				7D53D9F11D4F4F6500872658 /* PMImagePickerController.swift in Sources */,
				7D56B5E21D449BA1009224A5 /* AppDelegate.swift in Sources */,
				7D0375641D54CFCF00B39B7D /* PMImageDownloader.swift in Sources */,
				7D53D9FF1D4F4F6500872658 /* PMImageProcessController.swift in Sources */,
				7D53D9F91D4F4F6500872658 /* PMPhotoGridView.swift in Sources */,
				7D53D9FC1D4F4F6500872658 /* PMPickerTitleButton.swift in Sources */,
				7D53DA021D4F4F6500872658 /* PMNavigationController.swift in Sources */,
				7D53DA0E1D4F50FC00872658 /* PMImageGroupController.swift in Sources */,
				7D535D5D1D559FC6002CF823 /* PMImageSession.swift in Sources */,
				7D53D9FA1D4F4F6500872658 /* PMPhotoHeaderItem.swift in Sources */,
			);
			runOnlyForDeploymentPostprocessing = 0;
		};
		7D56B5EE1D449BA1009224A5 /* Sources */ = {
			isa = PBXSourcesBuildPhase;
			buildActionMask = 2147483647;
			files = (
				7D56B5F71D449BA1009224A5 /* PrismaSimpleImagePickerTests.swift in Sources */,
			);
			runOnlyForDeploymentPostprocessing = 0;
		};
/* End PBXSourcesBuildPhase section */

/* Begin PBXTargetDependency section */
		7D56B5F41D449BA1009224A5 /* PBXTargetDependency */ = {
			isa = PBXTargetDependency;
			target = 7D56B5DD1D449BA1009224A5 /* PrismaSimpleImagePicker */;
			targetProxy = 7D56B5F31D449BA1009224A5 /* PBXContainerItemProxy */;
		};
/* End PBXTargetDependency section */

/* Begin PBXVariantGroup section */
		7D56B5E51D449BA1009224A5 /* Main.storyboard */ = {
			isa = PBXVariantGroup;
			children = (
				7D56B5E61D449BA1009224A5 /* Base */,
			);
			name = Main.storyboard;
			sourceTree = "<group>";
		};
		7D605FD81D4B21E20053F93C /* LaunchScreen.storyboard */ = {
			isa = PBXVariantGroup;
			children = (
				7D605FD91D4B21E20053F93C /* Base */,
			);
			name = LaunchScreen.storyboard;
			sourceTree = "<group>";
		};
/* End PBXVariantGroup section */

/* Begin XCBuildConfiguration section */
		7D56B5F91D449BA1009224A5 /* Debug */ = {
			isa = XCBuildConfiguration;
			buildSettings = {
				ALWAYS_SEARCH_USER_PATHS = NO;
				CLANG_ANALYZER_NONNULL = YES;
				CLANG_CXX_LANGUAGE_STANDARD = "gnu++0x";
				CLANG_CXX_LIBRARY = "libc++";
				CLANG_ENABLE_MODULES = YES;
				CLANG_ENABLE_OBJC_ARC = YES;
				CLANG_WARN_BOOL_CONVERSION = YES;
				CLANG_WARN_CONSTANT_CONVERSION = YES;
				CLANG_WARN_DIRECT_OBJC_ISA_USAGE = YES_ERROR;
				CLANG_WARN_EMPTY_BODY = YES;
				CLANG_WARN_ENUM_CONVERSION = YES;
				CLANG_WARN_INT_CONVERSION = YES;
				CLANG_WARN_OBJC_ROOT_CLASS = YES_ERROR;
				CLANG_WARN_UNREACHABLE_CODE = YES;
				CLANG_WARN__DUPLICATE_METHOD_MATCH = YES;
				"CODE_SIGN_IDENTITY[sdk=iphoneos*]" = "iPhone Developer";
				COPY_PHASE_STRIP = NO;
				DEBUG_INFORMATION_FORMAT = dwarf;
				ENABLE_STRICT_OBJC_MSGSEND = YES;
				ENABLE_TESTABILITY = YES;
				GCC_C_LANGUAGE_STANDARD = gnu99;
				GCC_DYNAMIC_NO_PIC = NO;
				GCC_NO_COMMON_BLOCKS = YES;
				GCC_OPTIMIZATION_LEVEL = 0;
				GCC_PREPROCESSOR_DEFINITIONS = (
					"DEBUG=1",
					"$(inherited)",
				);
				GCC_WARN_64_TO_32_BIT_CONVERSION = YES;
				GCC_WARN_ABOUT_RETURN_TYPE = YES_ERROR;
				GCC_WARN_UNDECLARED_SELECTOR = YES;
				GCC_WARN_UNINITIALIZED_AUTOS = YES_AGGRESSIVE;
				GCC_WARN_UNUSED_FUNCTION = YES;
				GCC_WARN_UNUSED_VARIABLE = YES;
				IPHONEOS_DEPLOYMENT_TARGET = 9.3;
				MTL_ENABLE_DEBUG_INFO = YES;
				ONLY_ACTIVE_ARCH = YES;
				SDKROOT = iphoneos;
				SWIFT_OPTIMIZATION_LEVEL = "-Onone";
			};
			name = Debug;
		};
		7D56B5FA1D449BA1009224A5 /* Release */ = {
			isa = XCBuildConfiguration;
			buildSettings = {
				ALWAYS_SEARCH_USER_PATHS = NO;
				CLANG_ANALYZER_NONNULL = YES;
				CLANG_CXX_LANGUAGE_STANDARD = "gnu++0x";
				CLANG_CXX_LIBRARY = "libc++";
				CLANG_ENABLE_MODULES = YES;
				CLANG_ENABLE_OBJC_ARC = YES;
				CLANG_WARN_BOOL_CONVERSION = YES;
				CLANG_WARN_CONSTANT_CONVERSION = YES;
				CLANG_WARN_DIRECT_OBJC_ISA_USAGE = YES_ERROR;
				CLANG_WARN_EMPTY_BODY = YES;
				CLANG_WARN_ENUM_CONVERSION = YES;
				CLANG_WARN_INT_CONVERSION = YES;
				CLANG_WARN_OBJC_ROOT_CLASS = YES_ERROR;
				CLANG_WARN_UNREACHABLE_CODE = YES;
				CLANG_WARN__DUPLICATE_METHOD_MATCH = YES;
				"CODE_SIGN_IDENTITY[sdk=iphoneos*]" = "iPhone Developer";
				COPY_PHASE_STRIP = NO;
				DEBUG_INFORMATION_FORMAT = "dwarf-with-dsym";
				ENABLE_NS_ASSERTIONS = NO;
				ENABLE_STRICT_OBJC_MSGSEND = YES;
				GCC_C_LANGUAGE_STANDARD = gnu99;
				GCC_NO_COMMON_BLOCKS = YES;
				GCC_WARN_64_TO_32_BIT_CONVERSION = YES;
				GCC_WARN_ABOUT_RETURN_TYPE = YES_ERROR;
				GCC_WARN_UNDECLARED_SELECTOR = YES;
				GCC_WARN_UNINITIALIZED_AUTOS = YES_AGGRESSIVE;
				GCC_WARN_UNUSED_FUNCTION = YES;
				GCC_WARN_UNUSED_VARIABLE = YES;
				IPHONEOS_DEPLOYMENT_TARGET = 9.3;
				MTL_ENABLE_DEBUG_INFO = NO;
				SDKROOT = iphoneos;
				VALIDATE_PRODUCT = YES;
			};
			name = Release;
		};
		7D56B5FC1D449BA1009224A5 /* Debug */ = {
			isa = XCBuildConfiguration;
			buildSettings = {
				ASSETCATALOG_COMPILER_APPICON_NAME = AppIcon;
				CODE_SIGN_IDENTITY = "iPhone Developer";
				DEVELOPMENT_TEAM = H4JK55MDDZ;
				INFOPLIST_FILE = PrismaSimpleImagePicker/Info.plist;
				IPHONEOS_DEPLOYMENT_TARGET = 8.1;
				LD_RUNPATH_SEARCH_PATHS = "$(inherited) @executable_path/Frameworks";
				PRODUCT_BUNDLE_IDENTIFIER = com.mengliang.PrismaSimpleImagePicker;
				PRODUCT_NAME = "$(TARGET_NAME)";
				PROVISIONING_PROFILE = "151301fb-4267-42ab-a0d8-f2cf60c6474c";
				PROVISIONING_PROFILE_SPECIFIER = prismaprofile;
				SWIFT_VERSION = 2.3;
			};
			name = Debug;
		};
		7D56B5FD1D449BA1009224A5 /* Release */ = {
			isa = XCBuildConfiguration;
			buildSettings = {
				ASSETCATALOG_COMPILER_APPICON_NAME = AppIcon;
				CODE_SIGN_IDENTITY = "iPhone Distribution";
				"CODE_SIGN_IDENTITY[sdk=iphoneos*]" = "iPhone Developer";
				DEVELOPMENT_TEAM = H4JK55MDDZ;
				INFOPLIST_FILE = PrismaSimpleImagePicker/Info.plist;
				IPHONEOS_DEPLOYMENT_TARGET = 8.1;
				LD_RUNPATH_SEARCH_PATHS = "$(inherited) @executable_path/Frameworks";
				PRODUCT_BUNDLE_IDENTIFIER = com.mengliang.PrismaSimpleImagePicker;
				PRODUCT_NAME = "$(TARGET_NAME)";
				PROVISIONING_PROFILE = "151301fb-4267-42ab-a0d8-f2cf60c6474c";
				PROVISIONING_PROFILE_SPECIFIER = prismaprofile;
				SWIFT_VERSION = 2.3;
			};
			name = Release;
		};
		7D56B5FF1D449BA1009224A5 /* Debug */ = {
			isa = XCBuildConfiguration;
			buildSettings = {
				BUNDLE_LOADER = "$(TEST_HOST)";
				DEVELOPMENT_TEAM = H4JK55MDDZ;
				INFOPLIST_FILE = PrismaSimpleImagePickerTests/Info.plist;
				LD_RUNPATH_SEARCH_PATHS = "$(inherited) @executable_path/Frameworks @loader_path/Frameworks";
				PRODUCT_BUNDLE_IDENTIFIER = mengliang.PrismaSimpleImagePickerTests;
				PRODUCT_NAME = "$(TARGET_NAME)";
				SWIFT_VERSION = 2.3;
				TEST_HOST = "$(BUILT_PRODUCTS_DIR)/PrismaSimpleImagePicker.app/PrismaSimpleImagePicker";
			};
			name = Debug;
		};
		7D56B6001D449BA1009224A5 /* Release */ = {
			isa = XCBuildConfiguration;
			buildSettings = {
				BUNDLE_LOADER = "$(TEST_HOST)";
				DEVELOPMENT_TEAM = H4JK55MDDZ;
				INFOPLIST_FILE = PrismaSimpleImagePickerTests/Info.plist;
				LD_RUNPATH_SEARCH_PATHS = "$(inherited) @executable_path/Frameworks @loader_path/Frameworks";
				PRODUCT_BUNDLE_IDENTIFIER = mengliang.PrismaSimpleImagePickerTests;
				PRODUCT_NAME = "$(TARGET_NAME)";
				SWIFT_VERSION = 2.3;
				TEST_HOST = "$(BUILT_PRODUCTS_DIR)/PrismaSimpleImagePicker.app/PrismaSimpleImagePicker";
			};
			name = Release;
		};
/* End XCBuildConfiguration section */

/* Begin XCConfigurationList section */
		7D56B5D91D449BA1009224A5 /* Build configuration list for PBXProject "PrismaSimpleImagePicker" */ = {
			isa = XCConfigurationList;
			buildConfigurations = (
				7D56B5F91D449BA1009224A5 /* Debug */,
				7D56B5FA1D449BA1009224A5 /* Release */,
			);
			defaultConfigurationIsVisible = 0;
			defaultConfigurationName = Release;
		};
		7D56B5FB1D449BA1009224A5 /* Build configuration list for PBXNativeTarget "PrismaSimpleImagePicker" */ = {
			isa = XCConfigurationList;
			buildConfigurations = (
				7D56B5FC1D449BA1009224A5 /* Debug */,
				7D56B5FD1D449BA1009224A5 /* Release */,
			);
			defaultConfigurationIsVisible = 0;
			defaultConfigurationName = Release;
		};
		7D56B5FE1D449BA1009224A5 /* Build configuration list for PBXNativeTarget "PrismaSimpleImagePickerTests" */ = {
			isa = XCConfigurationList;
			buildConfigurations = (
				7D56B5FF1D449BA1009224A5 /* Debug */,
				7D56B6001D449BA1009224A5 /* Release */,
			);
			defaultConfigurationIsVisible = 0;
			defaultConfigurationName = Release;
		};
/* End XCConfigurationList section */
	};
	rootObject = 7D56B5D61D449BA1009224A5 /* Project object */;
}
